
Microsoft Visual Studio Solution File, Format Version 12.00
# Visual Studio Version 17
VisualStudioVersion = 17.8.34219.65
MinimumVisualStudioVersion = 10.0.40219.1
Project("{E24C65DC-7377-472B-9ABA-BC803B73C61A}") = "VBBMS", "VBBMS\", "{CEB69D3C-063F-4263-92B8-42783F2094DF}"
	ProjectSection(WebsiteProperties) = preProject
		TargetFrameworkMoniker = ".NETFramework,Version%3Dv4.8"
		Debug.AspNetCompiler.VirtualPath = "/localhost_51124"
		Debug.AspNetCompiler.PhysicalPath = "VBBMS\"
		Debug.AspNetCompiler.TargetPath = "PrecompiledWeb\localhost_51124\"
		Debug.AspNetCompiler.Updateable = "true"
		Debug.AspNetCompiler.ForceOverwrite = "true"
		Debug.AspNetCompiler.FixedNames = "false"
		Debug.AspNetCompiler.Debug = "True"
		Release.AspNetCompiler.VirtualPath = "/localhost_51124"
		Release.AspNetCompiler.PhysicalPath = "VBBMS\"
		Release.AspNetCompiler.TargetPath = "PrecompiledWeb\localhost_51124\"
		Release.AspNetCompiler.Updateable = "true"
		Release.AspNetCompiler.ForceOverwrite = "true"
		Release.AspNetCompiler.FixedNames = "false"
		Release.AspNetCompiler.Debug = "False"
		VWDPort = "51124"
		SlnRelativePath = "VBBMS\"
		DefaultWebSiteLanguage = "Visual C#"
	EndProjectSection
EndProject
Project("{FAE04EC0-301F-11D3-BF4B-00C04F79EFBC}") = "TestingCustomer", "TestingCustomer\TestingCustomer.csproj", "{9001E571-3843-4F87-861F-CD866C8B2BF9}"
EndProject
Global
	GlobalSection(SolutionConfigurationPlatforms) = preSolution
		Debug|Any CPU = Debug|Any CPU
		Release|Any CPU = Release|Any CPU
	EndGlobalSection
	GlobalSection(ProjectConfigurationPlatforms) = postSolution
		{CEB69D3C-063F-4263-92B8-42783F2094DF}.Debug|Any CPU.ActiveCfg = Debug|Any CPU
		{CEB69D3C-063F-4263-92B8-42783F2094DF}.Debug|Any CPU.Build.0 = Debug|Any CPU
		{CEB69D3C-063F-4263-92B8-42783F2094DF}.Release|Any CPU.ActiveCfg = Debug|Any CPU
		{CEB69D3C-063F-4263-92B8-42783F2094DF}.Release|Any CPU.Build.0 = Debug|Any CPU
		{9001E571-3843-4F87-861F-CD866C8B2BF9}.Debug|Any CPU.ActiveCfg = Debug|Any CPU
		{9001E571-3843-4F87-861F-CD866C8B2BF9}.Debug|Any CPU.Build.0 = Debug|Any CPU
		{9001E571-3843-4F87-861F-CD866C8B2BF9}.Release|Any CPU.ActiveCfg = Release|Any CPU
		{9001E571-3843-4F87-861F-CD866C8B2BF9}.Release|Any CPU.Build.0 = Release|Any CPU
	EndGlobalSection
	GlobalSection(SolutionProperties) = preSolution
		HideSolutionNode = FALSE
	EndGlobalSection
	GlobalSection(ExtensibilityGlobals) = postSolution
		SolutionGuid = {551551F0-7060-42E1-915D-44CEC9999330}
	EndGlobalSection
EndGlobal
